
Microsoft Visual Studio Solution File, Format Version 12.00
# Visual Studio 2015
Project("{FAE04EC0-301F-11D3-BF4B-00C04F79EFBC}") = "SnowboardProject-1-master.CSharp.Plugins", "SnowboardProject-1-master.CSharp.Plugins.csproj", "{EB2BFBA4-0D87-0466-82EA-AA6B7043E31F}"
EndProject
Project("{FAE04EC0-301F-11D3-BF4B-00C04F79EFBC}") = "SnowboardProject-1-master.CSharp", "SnowboardProject-1-master.CSharp.csproj", "{D5584739-1DE7-8F55-31FF-F509FE24EABC}"
EndProject
Project("{FAE04EC0-301F-11D3-BF4B-00C04F79EFBC}") = "SnowboardProject-1-master.CSharp.Editor", "SnowboardProject-1-master.CSharp.Editor.csproj", "{6575F06F-7770-B8BA-6645-213BCD57BD20}"
EndProject
Global
	GlobalSection(SolutionConfigurationPlatforms) = preSolution
		Debug|Any CPU = Debug|Any CPU
		Release|Any CPU = Release|Any CPU
	EndGlobalSection
	GlobalSection(ProjectConfigurationPlatforms) = postSolution
		{EB2BFBA4-0D87-0466-82EA-AA6B7043E31F}.Debug|Any CPU.ActiveCfg = Debug|Any CPU
		{EB2BFBA4-0D87-0466-82EA-AA6B7043E31F}.Debug|Any CPU.Build.0 = Debug|Any CPU
		{EB2BFBA4-0D87-0466-82EA-AA6B7043E31F}.Release|Any CPU.ActiveCfg = Release|Any CPU
		{EB2BFBA4-0D87-0466-82EA-AA6B7043E31F}.Release|Any CPU.Build.0 = Release|Any CPU
		{D5584739-1DE7-8F55-31FF-F509FE24EABC}.Debug|Any CPU.ActiveCfg = Debug|Any CPU
		{D5584739-1DE7-8F55-31FF-F509FE24EABC}.Debug|Any CPU.Build.0 = Debug|Any CPU
		{D5584739-1DE7-8F55-31FF-F509FE24EABC}.Release|Any CPU.ActiveCfg = Release|Any CPU
		{D5584739-1DE7-8F55-31FF-F509FE24EABC}.Release|Any CPU.Build.0 = Release|Any CPU
		{6575F06F-7770-B8BA-6645-213BCD57BD20}.Debug|Any CPU.ActiveCfg = Debug|Any CPU
		{6575F06F-7770-B8BA-6645-213BCD57BD20}.Debug|Any CPU.Build.0 = Debug|Any CPU
		{6575F06F-7770-B8BA-6645-213BCD57BD20}.Release|Any CPU.ActiveCfg = Release|Any CPU
		{6575F06F-7770-B8BA-6645-213BCD57BD20}.Release|Any CPU.Build.0 = Release|Any CPU
	EndGlobalSection
	GlobalSection(SolutionProperties) = preSolution
		HideSolutionNode = FALSE
	EndGlobalSection
EndGlobal
